
Microsoft Visual Studio Solution File, Format Version 12.00
# Visual Studio 15
VisualStudioVersion = 15.0.28307.1259
MinimumVisualStudioVersion = 10.0.40219.1
Project("{9A19103F-16F7-4668-BE54-9A1E7A4F7556}") = "ExtractionViewer", "ExtractionViewer\ExtractionViewer.csproj", "{C868FA3C-4E7B-4AE3-B440-5838A53FE672}"
EndProject
Project("{9A19103F-16F7-4668-BE54-9A1E7A4F7556}") = "DuplicateContactMerger", "DuplicateContactMerger\DuplicateContactMerger.csproj", "{B6B3FAD4-3481-4B27-B81A-CB7E8A106AD8}"
EndProject
Project("{9A19103F-16F7-4668-BE54-9A1E7A4F7556}") = "ToxyExtract", "ToxyExtract\ToxyExtract.csproj", "{B60055EB-AA3D-4DD0-8E21-D228ADA54E5C}"
EndProject
Global
	GlobalSection(SolutionConfigurationPlatforms) = preSolution
		Debug|Any CPU = Debug|Any CPU
		Release|Any CPU = Release|Any CPU
	EndGlobalSection
	GlobalSection(ProjectConfigurationPlatforms) = postSolution
		{C868FA3C-4E7B-4AE3-B440-5838A53FE672}.Debug|Any CPU.ActiveCfg = Debug|Any CPU
		{C868FA3C-4E7B-4AE3-B440-5838A53FE672}.Debug|Any CPU.Build.0 = Debug|Any CPU
		{C868FA3C-4E7B-4AE3-B440-5838A53FE672}.Release|Any CPU.ActiveCfg = Release|Any CPU
		{C868FA3C-4E7B-4AE3-B440-5838A53FE672}.Release|Any CPU.Build.0 = Release|Any CPU
		{B6B3FAD4-3481-4B27-B81A-CB7E8A106AD8}.Debug|Any CPU.ActiveCfg = Debug|Any CPU
		{B6B3FAD4-3481-4B27-B81A-CB7E8A106AD8}.Debug|Any CPU.Build.0 = Debug|Any CPU
		{B6B3FAD4-3481-4B27-B81A-CB7E8A106AD8}.Release|Any CPU.ActiveCfg = Release|Any CPU
		{B6B3FAD4-3481-4B27-B81A-CB7E8A106AD8}.Release|Any CPU.Build.0 = Release|Any CPU
		{B60055EB-AA3D-4DD0-8E21-D228ADA54E5C}.Debug|Any CPU.ActiveCfg = Debug|Any CPU
		{B60055EB-AA3D-4DD0-8E21-D228ADA54E5C}.Debug|Any CPU.Build.0 = Debug|Any CPU
		{B60055EB-AA3D-4DD0-8E21-D228ADA54E5C}.Release|Any CPU.ActiveCfg = Release|Any CPU
		{B60055EB-AA3D-4DD0-8E21-D228ADA54E5C}.Release|Any CPU.Build.0 = Release|Any CPU
	EndGlobalSection
	GlobalSection(SolutionProperties) = preSolution
		HideSolutionNode = FALSE
	EndGlobalSection
	GlobalSection(ExtensibilityGlobals) = postSolution
		SolutionGuid = {BA43C20D-4804-4BC7-B32A-B8D493A669C9}
	EndGlobalSection
EndGlobal
